# THIS IS AN AUTOGENERATED FILE. DO NOT EDIT THIS FILE DIRECTLY.
# yarn lockfile v1


prettier@^2.5.1:
  version "2.5.1"
  resolved "https://registry.yarnpkg.com/prettier/-/prettier-2.5.1.tgz#fff75fa9d519c54cf0fce328c1017d94546bc56a"
  integrity sha512-vBZcPRUR5MZJwoyi3ZoyQlc1rXeEck8KgeC9AwwOn+exuxLxq5toTRDTSaVrXHxelDMHy9zlicw8u66yxoSUFg==

turbo-darwin-64@1.1.1:
  version "1.1.1"
  resolved "https://registry.yarnpkg.com/turbo-darwin-64/-/turbo-darwin-64-1.1.1.tgz#7dcf22cbdf1e53ee2025e7991fd5a3c0a5465ac5"
  integrity sha512-D2gX6ltOyI53fqnWO0hvMvVJBQuomyl34RjVFBOwZVw2n9CQRRni7arspG7/qV0Frr2ixerEe88AkTztCjn5EA==

turbo-darwin-arm64@1.1.1:
  version "1.1.1"
  resolved "https://registry.yarnpkg.com/turbo-darwin-arm64/-/turbo-darwin-arm64-1.1.1.tgz#e7baa13a0e135a28cdc4cc02ebeff6e2be904feb"
  integrity sha512-4lJb1e0qoKqPCsKV9ETy5J56YIokon/VMP08/9xVjweoY1IKurfwjKPtqW8XZVMQdYL+7Ym9OafmIanIRIIUOg==

turbo-freebsd-64@1.1.1:
  version "1.1.1"
  resolved "https://registry.yarnpkg.com/turbo-freebsd-64/-/turbo-freebsd-64-1.1.1.tgz#c97847680126f1c5bcd9b86a6e7a47e4cf221261"
  integrity sha512-XMwYtI0Pi+E03K+gEC4osroJ3tbgQImfowoq+S9hSevykI/hcyAcBPwykgJJtMlInfpIZfCrKPzc07QDupyt1A==

turbo-freebsd-arm64@1.1.1:
  version "1.1.1"
  resolved "https://registry.yarnpkg.com/turbo-freebsd-arm64/-/turbo-freebsd-arm64-1.1.1.tgz#98bb7edb5e99f6dfe2c4d79a0bbd8efa7363fd62"
  integrity sha512-YxiAm/pxJguBewIiFnQnhbCKsiOpO/r8AlIWQvvfLk+2gaqvy8c9rUKyky8uffG34393Zkefd1GjtL7aCWKwbA==

turbo-linux-32@1.1.1:
  version "1.1.1"
  resolved "https://registry.yarnpkg.com/turbo-linux-32/-/turbo-linux-32-1.1.1.tgz#7e07fca7a50f102617132febcbb2844a23d58484"
  integrity sha512-qnHdVV2N/dZ5/fJ/XE4N+juYdjKB75IZfEfLaHcAuNOqEnxbclv6IoRb5X7iCWHdarv2u1eR5OUfJrpSw6vWbA==

turbo-linux-64@1.1.1:
  version "1.1.1"
  resolved "https://registry.yarnpkg.com/turbo-linux-64/-/turbo-linux-64-1.1.1.tgz#ebbee5606ca31214d26f28436c0cde9ef91be84e"
  integrity sha512-54BHnEEqE8q3Zpny40tX5HC7WAhjLZz4Sk3p1G9Fmodi48IhmCPCjq0wqFNLWogVFOyN5t6x6CgGLyfTtM22gQ==

turbo-linux-arm64@1.1.1:
  version "1.1.1"
  resolved "https://registry.yarnpkg.com/turbo-linux-arm64/-/turbo-linux-arm64-1.1.1.tgz#e72df721cac483df7da58ca0d7152a5a96ce500e"
  integrity sha512-nrKQSkmYIWKndbB5LpsgGmbRuQNy4OzuKM6t9niSUzLPFaT3yZ2MVRwvBoHuBRQyvMvEc954kBqVUCKabX/MUQ==

turbo-linux-arm@1.1.1:
  version "1.1.1"
  resolved "https://registry.yarnpkg.com/turbo-linux-arm/-/turbo-linux-arm-1.1.1.tgz#c56553c828f821ad90a4241f6495821a9345582a"
  integrity sha512-d4jcsb/b8sIxnNi3JBtR2nbP9hJxOlZ3vCgUpPcLPEbDy+jAEMwt8LArV7cdRO3zaI4Bcp6a0QrRCrHhZAyH4Q==

turbo-linux-mips64le@1.1.1:
  version "1.1.1"
  resolved "https://registry.yarnpkg.com/turbo-linux-mips64le/-/turbo-linux-mips64le-1.1.1.tgz#49a924ae749d63c56c0dfaf70037277145f858ac"
  integrity sha512-OUA0IMtpu1C1HF8OBi4Pdf1R9yny6uFlaCGZvrEprEbO+gUkOJ1JOyDsF+KQRNVQr9Q0Oji+rJH8D8xQ6tNu/w==

turbo-linux-ppc64le@1.1.1:
  version "1.1.1"
  resolved "https://registry.yarnpkg.com/turbo-linux-ppc64le/-/turbo-linux-ppc64le-1.1.1.tgz#a26bf8b624762b0126f1b53f095e81a1465953b5"
  integrity sha512-SZCF9geJKgm9pbSqLRaflQtiHqU/Hjax1u6Hbv1VjJHWC53RisJb06C9azalNrGaKUu25K31hfVUcgBMYmNhZg==

turbo-windows-32@1.1.1:
  version "1.1.1"
  resolved "https://registry.yarnpkg.com/turbo-windows-32/-/turbo-windows-32-1.1.1.tgz#e2a9f584726539a196fc31252a30ad4dbc212e2c"
  integrity sha512-v3i9tuE6jEOBLBbkg83BOSSIp6f2NDst5MhTBwlNb+PB6TEiv11pdarkufecgH7BJtU5UCSEYoewjI4XAndpPA==

turbo-windows-64@1.1.1:
  version "1.1.1"
  resolved "https://registry.yarnpkg.com/turbo-windows-64/-/turbo-windows-64-1.1.1.tgz#b34324d2e468652ce38240d8da33ab84c9f67d45"
  integrity sha512-vNfl07uMrgbq8YXXsvNIHxxEdBdez7PWUjy1cOaXCFQQw+HebSwQ70WM2KMoHGY3TULbwTquRxy/xFjmh1tGzw==

turbo@latest:
  version "1.1.1"
  resolved "https://registry.yarnpkg.com/turbo/-/turbo-1.1.1.tgz#f2257cd298104744192a2baef16c00220c4a09cf"
  integrity sha512-UTgz9PaQAuVJqm4WtcOzHh2LFA0k2zfzsl/gn4Ss+YdAi8K4ZUw2bbXGPlA1b702KUTt8GESq7N0kKoQJVPF/w==
  optionalDependencies:
    turbo-darwin-64 "1.1.1"
    turbo-darwin-arm64 "1.1.1"
    turbo-freebsd-64 "1.1.1"
    turbo-freebsd-arm64 "1.1.1"
    turbo-linux-32 "1.1.1"
    turbo-linux-64 "1.1.1"
    turbo-linux-arm "1.1.1"
    turbo-linux-arm64 "1.1.1"
    turbo-linux-mips64le "1.1.1"
    turbo-linux-ppc64le "1.1.1"
    turbo-windows-32 "1.1.1"
    turbo-windows-64 "1.1.1"
